
Microsoft Visual Studio Solution File, Format Version 12.00
# Visual Studio 14
VisualStudioVersion = 14.0.24720.0
MinimumVisualStudioVersion = 10.0.40219.1
Project("{FAE04EC0-301F-11D3-BF4B-00C04F79EFBC}") = "Lighty", "Lighty\Lighty.csproj", "{214D801F-8AA8-4242-B8CF-A9471F3C4D8B}"
EndProject
Project("{2150E333-8FDC-42A3-9474-1A3956D46DE8}") = "Sample", "Sample", "{F2CE2272-D9F9-4673-B011-3B97D7E7F34A}"
EndProject
Project("{FAE04EC0-301F-11D3-BF4B-00C04F79EFBC}") = "LightySample", "Sample\LightySample\LightySample.csproj", "{6F5B901F-E249-45BA-ACE3-433BEE31D618}"
EndProject
Project("{FAE04EC0-301F-11D3-BF4B-00C04F79EFBC}") = "PhotoViewer", "Sample\PhotoViewer\PhotoViewer.csproj", "{90AA1B05-1DE6-4A48-8E40-3658DF734DEF}"
EndProject
Global
	GlobalSection(SolutionConfigurationPlatforms) = preSolution
		Debug|Any CPU = Debug|Any CPU
		Release|Any CPU = Release|Any CPU
	EndGlobalSection
	GlobalSection(ProjectConfigurationPlatforms) = postSolution
		{214D801F-8AA8-4242-B8CF-A9471F3C4D8B}.Debug|Any CPU.ActiveCfg = Debug|Any CPU
		{214D801F-8AA8-4242-B8CF-A9471F3C4D8B}.Debug|Any CPU.Build.0 = Debug|Any CPU
		{214D801F-8AA8-4242-B8CF-A9471F3C4D8B}.Release|Any CPU.ActiveCfg = Release|Any CPU
		{214D801F-8AA8-4242-B8CF-A9471F3C4D8B}.Release|Any CPU.Build.0 = Release|Any CPU
		{6F5B901F-E249-45BA-ACE3-433BEE31D618}.Debug|Any CPU.ActiveCfg = Debug|Any CPU
		{6F5B901F-E249-45BA-ACE3-433BEE31D618}.Debug|Any CPU.Build.0 = Debug|Any CPU
		{6F5B901F-E249-45BA-ACE3-433BEE31D618}.Release|Any CPU.ActiveCfg = Release|Any CPU
		{6F5B901F-E249-45BA-ACE3-433BEE31D618}.Release|Any CPU.Build.0 = Release|Any CPU
		{90AA1B05-1DE6-4A48-8E40-3658DF734DEF}.Debug|Any CPU.ActiveCfg = Debug|Any CPU
		{90AA1B05-1DE6-4A48-8E40-3658DF734DEF}.Debug|Any CPU.Build.0 = Debug|Any CPU
		{90AA1B05-1DE6-4A48-8E40-3658DF734DEF}.Release|Any CPU.ActiveCfg = Release|Any CPU
		{90AA1B05-1DE6-4A48-8E40-3658DF734DEF}.Release|Any CPU.Build.0 = Release|Any CPU
	EndGlobalSection
	GlobalSection(SolutionProperties) = preSolution
		HideSolutionNode = FALSE
	EndGlobalSection
	GlobalSection(NestedProjects) = preSolution
		{6F5B901F-E249-45BA-ACE3-433BEE31D618} = {F2CE2272-D9F9-4673-B011-3B97D7E7F34A}
		{90AA1B05-1DE6-4A48-8E40-3658DF734DEF} = {F2CE2272-D9F9-4673-B011-3B97D7E7F34A}
	EndGlobalSection
EndGlobal
